
Microsoft Visual Studio Solution File, Format Version 12.00
# Visual Studio Version 16
VisualStudioVersion = 16.0.31702.278
MinimumVisualStudioVersion = 10.0.40219.1
Project("{FAE04EC0-301F-11D3-BF4B-00C04F79EFBC}") = "lesson 2", "lesson 2.csproj", "{05141E11-2B34-4F2F-B094-FD9CD59A17CE}"
EndProject
Global
	GlobalSection(SolutionConfigurationPlatforms) = preSolution
		Debug|Any CPU = Debug|Any CPU
		Release|Any CPU = Release|Any CPU
	EndGlobalSection
	GlobalSection(ProjectConfigurationPlatforms) = postSolution
		{05141E11-2B34-4F2F-B094-FD9CD59A17CE}.Debug|Any CPU.ActiveCfg = Debug|Any CPU
		{05141E11-2B34-4F2F-B094-FD9CD59A17CE}.Debug|Any CPU.Build.0 = Debug|Any CPU
		{05141E11-2B34-4F2F-B094-FD9CD59A17CE}.Release|Any CPU.ActiveCfg = Release|Any CPU
		{05141E11-2B34-4F2F-B094-FD9CD59A17CE}.Release|Any CPU.Build.0 = Release|Any CPU
	EndGlobalSection
	GlobalSection(SolutionProperties) = preSolution
		HideSolutionNode = FALSE
	EndGlobalSection
	GlobalSection(ExtensibilityGlobals) = postSolution
		SolutionGuid = {B4511C2B-CDEF-43FC-AAE4-37AB833C65A7}
	EndGlobalSection
EndGlobal
